
Microsoft Visual Studio Solution File, Format Version 12.00
Project("{FAE04EC0-301F-11D3-BF4B-00C04F79EFBC}") = "DBDemo", "DBDemo\DBDemo.csproj", "{6AA2EED9-F11A-4085-951B-DFC87149AE8D}"
EndProject
Project("{FAE04EC0-301F-11D3-BF4B-00C04F79EFBC}") = "Domain", "Domain\Domain.csproj", "{3879BE00-41C7-43C8-9120-B7EC3867F42D}"
EndProject
Project("{FAE04EC0-301F-11D3-BF4B-00C04F79EFBC}") = "DAL", "DAL\DAL.csproj", "{59F513FD-358E-45CB-8A98-30593F968B69}"
EndProject
Project("{2150E333-8FDC-42A3-9474-1A3956D46DE8}") = "SolutionItems", "SolutionItems", "{01D30091-4030-49C2-A862-47A51B94A619}"
EndProject
ProjectSection(SolutionItems) = preProject
				Directory.Build.props = Directory.Build.props
				.gitignore = .gitignore
EndProjectSection
Global
	GlobalSection(SolutionConfigurationPlatforms) = preSolution
		Debug|Any CPU = Debug|Any CPU
		Release|Any CPU = Release|Any CPU
	EndGlobalSection
	GlobalSection(ProjectConfigurationPlatforms) = postSolution
		{6AA2EED9-F11A-4085-951B-DFC87149AE8D}.Debug|Any CPU.ActiveCfg = Debug|Any CPU
		{6AA2EED9-F11A-4085-951B-DFC87149AE8D}.Debug|Any CPU.Build.0 = Debug|Any CPU
		{6AA2EED9-F11A-4085-951B-DFC87149AE8D}.Release|Any CPU.ActiveCfg = Release|Any CPU
		{6AA2EED9-F11A-4085-951B-DFC87149AE8D}.Release|Any CPU.Build.0 = Release|Any CPU
		{3879BE00-41C7-43C8-9120-B7EC3867F42D}.Debug|Any CPU.ActiveCfg = Debug|Any CPU
		{3879BE00-41C7-43C8-9120-B7EC3867F42D}.Debug|Any CPU.Build.0 = Debug|Any CPU
		{3879BE00-41C7-43C8-9120-B7EC3867F42D}.Release|Any CPU.ActiveCfg = Release|Any CPU
		{3879BE00-41C7-43C8-9120-B7EC3867F42D}.Release|Any CPU.Build.0 = Release|Any CPU
		{59F513FD-358E-45CB-8A98-30593F968B69}.Debug|Any CPU.ActiveCfg = Debug|Any CPU
		{59F513FD-358E-45CB-8A98-30593F968B69}.Debug|Any CPU.Build.0 = Debug|Any CPU
		{59F513FD-358E-45CB-8A98-30593F968B69}.Release|Any CPU.ActiveCfg = Release|Any CPU
		{59F513FD-358E-45CB-8A98-30593F968B69}.Release|Any CPU.Build.0 = Release|Any CPU
	EndGlobalSection
	GlobalSection(NestedProjects) = preSolution
		{0F7C89FF-52C1-4CFB-B7A6-505615EE8625} = {01D30091-4030-49C2-A862-47A51B94A619}
	EndGlobalSection
EndGlobal
